
Microsoft Visual Studio Solution File, Format Version 12.00
# Visual Studio Version 17
VisualStudioVersion = 17.13.35931.197 d17.13
MinimumVisualStudioVersion = 10.0.40219.1
Project("{FAE04EC0-301F-11D3-BF4B-00C04F79EFBC}") = "WhiteLagoon.Web", "WhiteLagoon.Web\WhiteLagoon.Web.csproj", "{0CA53E41-3BAC-4CE3-ACDB-C5CB0FE305B8}"
EndProject
Project("{FAE04EC0-301F-11D3-BF4B-00C04F79EFBC}") = "WhiteLagoon.Domain", "WhiteLagoon.Domain\WhiteLagoon.Domain.csproj", "{B3526F14-D30A-4841-87B0-A422AA7CA32C}"
EndProject
Project("{FAE04EC0-301F-11D3-BF4B-00C04F79EFBC}") = "WhiteLagoon.Application", "WhiteLagoon.Application\WhiteLagoon.Application.csproj", "{7F1A706C-3A86-4121-A11D-00D6AD5F8FAF}"
EndProject
Project("{FAE04EC0-301F-11D3-BF4B-00C04F79EFBC}") = "WhiteLagoon.Infrastructure", "WhiteLagoon.Infrastructure\WhiteLagoon.Infrastructure.csproj", "{760CFA61-ED4E-49EC-8AA9-28DD72066E3C}"
EndProject
Global
	GlobalSection(SolutionConfigurationPlatforms) = preSolution
		Debug|Any CPU = Debug|Any CPU
		Release|Any CPU = Release|Any CPU
	EndGlobalSection
	GlobalSection(ProjectConfigurationPlatforms) = postSolution
		{0CA53E41-3BAC-4CE3-ACDB-C5CB0FE305B8}.Debug|Any CPU.ActiveCfg = Debug|Any CPU
		{0CA53E41-3BAC-4CE3-ACDB-C5CB0FE305B8}.Debug|Any CPU.Build.0 = Debug|Any CPU
		{0CA53E41-3BAC-4CE3-ACDB-C5CB0FE305B8}.Release|Any CPU.ActiveCfg = Release|Any CPU
		{0CA53E41-3BAC-4CE3-ACDB-C5CB0FE305B8}.Release|Any CPU.Build.0 = Release|Any CPU
		{B3526F14-D30A-4841-87B0-A422AA7CA32C}.Debug|Any CPU.ActiveCfg = Debug|Any CPU
		{B3526F14-D30A-4841-87B0-A422AA7CA32C}.Debug|Any CPU.Build.0 = Debug|Any CPU
		{B3526F14-D30A-4841-87B0-A422AA7CA32C}.Release|Any CPU.ActiveCfg = Release|Any CPU
		{B3526F14-D30A-4841-87B0-A422AA7CA32C}.Release|Any CPU.Build.0 = Release|Any CPU
		{7F1A706C-3A86-4121-A11D-00D6AD5F8FAF}.Debug|Any CPU.ActiveCfg = Debug|Any CPU
		{7F1A706C-3A86-4121-A11D-00D6AD5F8FAF}.Debug|Any CPU.Build.0 = Debug|Any CPU
		{7F1A706C-3A86-4121-A11D-00D6AD5F8FAF}.Release|Any CPU.ActiveCfg = Release|Any CPU
		{7F1A706C-3A86-4121-A11D-00D6AD5F8FAF}.Release|Any CPU.Build.0 = Release|Any CPU
		{760CFA61-ED4E-49EC-8AA9-28DD72066E3C}.Debug|Any CPU.ActiveCfg = Debug|Any CPU
		{760CFA61-ED4E-49EC-8AA9-28DD72066E3C}.Debug|Any CPU.Build.0 = Debug|Any CPU
		{760CFA61-ED4E-49EC-8AA9-28DD72066E3C}.Release|Any CPU.ActiveCfg = Release|Any CPU
		{760CFA61-ED4E-49EC-8AA9-28DD72066E3C}.Release|Any CPU.Build.0 = Release|Any CPU
	EndGlobalSection
	GlobalSection(SolutionProperties) = preSolution
		HideSolutionNode = FALSE
	EndGlobalSection
	GlobalSection(ExtensibilityGlobals) = postSolution
		SolutionGuid = {1E38D104-C395-4BA0-A8C6-7434EB311E51}
	EndGlobalSection
EndGlobal
